
Microsoft Visual Studio Solution File, Format Version 12.00
# Visual Studio Version 16
VisualStudioVersion = 16.0.808.10
MinimumVisualStudioVersion = 10.0.40219.1
Project("{FAE04EC0-301F-11D3-BF4B-00C04F79EFBC}") = "helloworld", "helloworld\helloworld.csproj", "{488808C8-B8CD-4EE9-B327-FB30C15D360C}"
EndProject
Project("{FAE04EC0-301F-11D3-BF4B-00C04F79EFBC}") = "sayhello", "sayhello\sayhello.csproj", "{907015A9-8A25-439F-B78E-76F7F1F24A46}"
EndProject
Global
	GlobalSection(SolutionConfigurationPlatforms) = preSolution
		Debug|Any CPU = Debug|Any CPU
		Release|Any CPU = Release|Any CPU
	EndGlobalSection
	GlobalSection(ProjectConfigurationPlatforms) = postSolution
		{488808C8-B8CD-4EE9-B327-FB30C15D360C}.Debug|Any CPU.ActiveCfg = Debug|Any CPU
		{488808C8-B8CD-4EE9-B327-FB30C15D360C}.Debug|Any CPU.Build.0 = Debug|Any CPU
		{488808C8-B8CD-4EE9-B327-FB30C15D360C}.Release|Any CPU.ActiveCfg = Release|Any CPU
		{488808C8-B8CD-4EE9-B327-FB30C15D360C}.Release|Any CPU.Build.0 = Release|Any CPU
		{907015A9-8A25-439F-B78E-76F7F1F24A46}.Debug|Any CPU.ActiveCfg = Debug|Any CPU
		{907015A9-8A25-439F-B78E-76F7F1F24A46}.Debug|Any CPU.Build.0 = Debug|Any CPU
		{907015A9-8A25-439F-B78E-76F7F1F24A46}.Release|Any CPU.ActiveCfg = Release|Any CPU
		{907015A9-8A25-439F-B78E-76F7F1F24A46}.Release|Any CPU.Build.0 = Release|Any CPU
	EndGlobalSection
	GlobalSection(SolutionProperties) = preSolution
		HideSolutionNode = FALSE
	EndGlobalSection
	GlobalSection(ExtensibilityGlobals) = postSolution
		SolutionGuid = {8E4BA70E-F766-4B3A-8597-6C208EE7224B}
	EndGlobalSection
EndGlobal
